# THIS IS AN AUTOGENERATED FILE. DO NOT EDIT THIS FILE DIRECTLY.
# yarn lockfile v1


acorn@^5.1.1:
  version "5.1.1"
  resolved "https://registry.yarnpkg.com/acorn/-/acorn-5.1.1.tgz#53fe161111f912ab999ee887a90a0bc52822fd75"

rollup@^0.47.6:
  version "0.47.6"
  resolved "https://registry.yarnpkg.com/rollup/-/rollup-0.47.6.tgz#83b90a1890dd3321a3f8d0b2bd216e88483f33de"
